
Microsoft Visual Studio Solution File, Format Version 12.00
# Visual Studio Version 16
VisualStudioVersion = 16.0.31515.178
MinimumVisualStudioVersion = 10.0.40219.1
Project("{F184B08F-C81C-45F6-A57F-5ABD9991F28F}") = "201801110_CICLISTAS", "201801110_CICLISTAS\201801110_CICLISTAS.vbproj", "{AAFCF6EA-11BD-430B-A676-DB3A480EFE24}"
EndProject
Global
	GlobalSection(SolutionConfigurationPlatforms) = preSolution
		Debug|Any CPU = Debug|Any CPU
		Release|Any CPU = Release|Any CPU
	EndGlobalSection
	GlobalSection(ProjectConfigurationPlatforms) = postSolution
		{AAFCF6EA-11BD-430B-A676-DB3A480EFE24}.Debug|Any CPU.ActiveCfg = Debug|Any CPU
		{AAFCF6EA-11BD-430B-A676-DB3A480EFE24}.Debug|Any CPU.Build.0 = Debug|Any CPU
		{AAFCF6EA-11BD-430B-A676-DB3A480EFE24}.Release|Any CPU.ActiveCfg = Release|Any CPU
		{AAFCF6EA-11BD-430B-A676-DB3A480EFE24}.Release|Any CPU.Build.0 = Release|Any CPU
	EndGlobalSection
	GlobalSection(SolutionProperties) = preSolution
		HideSolutionNode = FALSE
	EndGlobalSection
	GlobalSection(ExtensibilityGlobals) = postSolution
		SolutionGuid = {4E8685AA-D683-41E0-B66D-DA85E373C3DA}
	EndGlobalSection
EndGlobal
