
Microsoft Visual Studio Solution File, Format Version 12.00
# Visual Studio Version 16
VisualStudioVersion = 16.0.31515.178
MinimumVisualStudioVersion = 10.0.40219.1
Project("{F184B08F-C81C-45F6-A57F-5ABD9991F28F}") = "201801110_HOSPITAL", "201801110_HOSPITAL\201801110_HOSPITAL.vbproj", "{2A611537-E5D0-407A-80AA-E0A4B2ABE494}"
EndProject
Global
	GlobalSection(SolutionConfigurationPlatforms) = preSolution
		Debug|Any CPU = Debug|Any CPU
		Release|Any CPU = Release|Any CPU
	EndGlobalSection
	GlobalSection(ProjectConfigurationPlatforms) = postSolution
		{2A611537-E5D0-407A-80AA-E0A4B2ABE494}.Debug|Any CPU.ActiveCfg = Debug|Any CPU
		{2A611537-E5D0-407A-80AA-E0A4B2ABE494}.Debug|Any CPU.Build.0 = Debug|Any CPU
		{2A611537-E5D0-407A-80AA-E0A4B2ABE494}.Release|Any CPU.ActiveCfg = Release|Any CPU
		{2A611537-E5D0-407A-80AA-E0A4B2ABE494}.Release|Any CPU.Build.0 = Release|Any CPU
	EndGlobalSection
	GlobalSection(SolutionProperties) = preSolution
		HideSolutionNode = FALSE
	EndGlobalSection
	GlobalSection(ExtensibilityGlobals) = postSolution
		SolutionGuid = {55598494-5E7D-455D-BC90-32D7552E1C98}
	EndGlobalSection
EndGlobal
